
Microsoft Visual Studio Solution File, Format Version 12.00
# Visual Studio 15
Project("{FAE04EC0-301F-11D3-BF4B-00C04F79EFBC}") = "Assembly-CSharp", "Assembly-CSharp.csproj", "{47C5258D-D8CB-75CF-8066-2C7CEFA18DFF}"
EndProject
Global
	GlobalSection(SolutionConfigurationPlatforms) = preSolution
		Debug|Any CPU = Debug|Any CPU
		Release|Any CPU = Release|Any CPU
	EndGlobalSection
	GlobalSection(ProjectConfigurationPlatforms) = postSolution
		{47C5258D-D8CB-75CF-8066-2C7CEFA18DFF}.Debug|Any CPU.ActiveCfg = Debug|Any CPU
		{47C5258D-D8CB-75CF-8066-2C7CEFA18DFF}.Debug|Any CPU.Build.0 = Debug|Any CPU
		{47C5258D-D8CB-75CF-8066-2C7CEFA18DFF}.Release|Any CPU.ActiveCfg = Release|Any CPU
		{47C5258D-D8CB-75CF-8066-2C7CEFA18DFF}.Release|Any CPU.Build.0 = Release|Any CPU
	EndGlobalSection
	GlobalSection(SolutionProperties) = preSolution
		HideSolutionNode = FALSE
	EndGlobalSection
EndGlobal
